
Microsoft Visual Studio Solution File, Format Version 12.00
# Visual Studio Version 16
VisualStudioVersion = 16.0.33130.400
MinimumVisualStudioVersion = 10.0.40219.1
Project("{FAE04EC0-301F-11D3-BF4B-00C04F79EFBC}") = "Demo-Server", "Demo-Server\Demo-Server.csproj", "{31388F02-89E1-497C-A8A0-51E9E0A388F9}"
EndProject
Global
	GlobalSection(SolutionConfigurationPlatforms) = preSolution
		Debug|Any CPU = Debug|Any CPU
		Release|Any CPU = Release|Any CPU
	EndGlobalSection
	GlobalSection(ProjectConfigurationPlatforms) = postSolution
		{31388F02-89E1-497C-A8A0-51E9E0A388F9}.Debug|Any CPU.ActiveCfg = Debug|Any CPU
		{31388F02-89E1-497C-A8A0-51E9E0A388F9}.Debug|Any CPU.Build.0 = Debug|Any CPU
		{31388F02-89E1-497C-A8A0-51E9E0A388F9}.Release|Any CPU.ActiveCfg = Release|Any CPU
		{31388F02-89E1-497C-A8A0-51E9E0A388F9}.Release|Any CPU.Build.0 = Release|Any CPU
	EndGlobalSection
	GlobalSection(SolutionProperties) = preSolution
		HideSolutionNode = FALSE
	EndGlobalSection
	GlobalSection(ExtensibilityGlobals) = postSolution
		SolutionGuid = {9ADA44B0-2860-4C98-A594-214BA2A0EA28}
	EndGlobalSection
EndGlobal
